
Microsoft Visual Studio Solution File, Format Version 12.00
# Visual Studio Version 17
VisualStudioVersion = 17.11.35312.102
MinimumVisualStudioVersion = 10.0.40219.1
Project("{FAE04EC0-301F-11D3-BF4B-00C04F79EFBC}") = "wpf1", "wpf1.csproj", "{705D1C7B-BD64-43D2-8878-740AAB7EAD31}"
EndProject
Global
	GlobalSection(SolutionConfigurationPlatforms) = preSolution
		Debug|Any CPU = Debug|Any CPU
		Release|Any CPU = Release|Any CPU
	EndGlobalSection
	GlobalSection(ProjectConfigurationPlatforms) = postSolution
		{705D1C7B-BD64-43D2-8878-740AAB7EAD31}.Debug|Any CPU.ActiveCfg = Debug|Any CPU
		{705D1C7B-BD64-43D2-8878-740AAB7EAD31}.Debug|Any CPU.Build.0 = Debug|Any CPU
		{705D1C7B-BD64-43D2-8878-740AAB7EAD31}.Release|Any CPU.ActiveCfg = Release|Any CPU
		{705D1C7B-BD64-43D2-8878-740AAB7EAD31}.Release|Any CPU.Build.0 = Release|Any CPU
	EndGlobalSection
	GlobalSection(SolutionProperties) = preSolution
		HideSolutionNode = FALSE
	EndGlobalSection
	GlobalSection(ExtensibilityGlobals) = postSolution
		SolutionGuid = {DD1AC99B-870C-47F2-9E61-3B9A4B7FF2E5}
	EndGlobalSection
EndGlobal
