
Microsoft Visual Studio Solution File, Format Version 12.00
# Visual Studio Version 17
VisualStudioVersion = 17.11.35312.102
MinimumVisualStudioVersion = 10.0.40219.1
Project("{FAE04EC0-301F-11D3-BF4B-00C04F79EFBC}") = "Базовые задачи по C#", "Базовые задачи по C#.csproj", "{78BE2356-0E4E-40A9-969A-44FE989EEFDD}"
EndProject
Global
	GlobalSection(SolutionConfigurationPlatforms) = preSolution
		Debug|Any CPU = Debug|Any CPU
		Release|Any CPU = Release|Any CPU
	EndGlobalSection
	GlobalSection(ProjectConfigurationPlatforms) = postSolution
		{78BE2356-0E4E-40A9-969A-44FE989EEFDD}.Debug|Any CPU.ActiveCfg = Debug|Any CPU
		{78BE2356-0E4E-40A9-969A-44FE989EEFDD}.Debug|Any CPU.Build.0 = Debug|Any CPU
		{78BE2356-0E4E-40A9-969A-44FE989EEFDD}.Release|Any CPU.ActiveCfg = Release|Any CPU
		{78BE2356-0E4E-40A9-969A-44FE989EEFDD}.Release|Any CPU.Build.0 = Release|Any CPU
	EndGlobalSection
	GlobalSection(SolutionProperties) = preSolution
		HideSolutionNode = FALSE
	EndGlobalSection
	GlobalSection(ExtensibilityGlobals) = postSolution
		SolutionGuid = {FADC0B9F-DA4F-462E-AB20-5BCEA11B0E4F}
	EndGlobalSection
EndGlobal
